
Microsoft Visual Studio Solution File, Format Version 12.00
# Visual Studio Version 16
VisualStudioVersion = 16.0.30204.135
MinimumVisualStudioVersion = 10.0.40219.1
Project("{9A19103F-16F7-4668-BE54-9A1E7A4F7556}") = "DemoDesign", "DemoDesign.csproj", "{1B1C4131-B2A1-4D6F-B394-6C8CA61CAAF0}"
EndProject
Global
	GlobalSection(SolutionConfigurationPlatforms) = preSolution
		Debug|Any CPU = Debug|Any CPU
		Release|Any CPU = Release|Any CPU
	EndGlobalSection
	GlobalSection(ProjectConfigurationPlatforms) = postSolution
		{1B1C4131-B2A1-4D6F-B394-6C8CA61CAAF0}.Debug|Any CPU.ActiveCfg = Debug|Any CPU
		{1B1C4131-B2A1-4D6F-B394-6C8CA61CAAF0}.Debug|Any CPU.Build.0 = Debug|Any CPU
		{1B1C4131-B2A1-4D6F-B394-6C8CA61CAAF0}.Release|Any CPU.ActiveCfg = Release|Any CPU
		{1B1C4131-B2A1-4D6F-B394-6C8CA61CAAF0}.Release|Any CPU.Build.0 = Release|Any CPU
	EndGlobalSection
	GlobalSection(SolutionProperties) = preSolution
		HideSolutionNode = FALSE
	EndGlobalSection
	GlobalSection(ExtensibilityGlobals) = postSolution
		SolutionGuid = {458E0F7A-FBD3-47ED-A43A-2D84518E78AE}
	EndGlobalSection
EndGlobal
